
Microsoft Visual Studio Solution File, Format Version 12.00
# Visual Studio Version 17
VisualStudioVersion = 17.4.33110.190
MinimumVisualStudioVersion = 10.0.40219.1
Project("{FAE04EC0-301F-11D3-BF4B-00C04F79EFBC}") = "SqlExtensionsTester", "SqlExtensionsTester.csproj", "{4E0965A5-BEAD-454F-92D9-B14EBB604606}"
EndProject
Global
	GlobalSection(SolutionConfigurationPlatforms) = preSolution
		Debug|Any CPU = Debug|Any CPU
		Release|Any CPU = Release|Any CPU
	EndGlobalSection
	GlobalSection(ProjectConfigurationPlatforms) = postSolution
		{4E0965A5-BEAD-454F-92D9-B14EBB604606}.Debug|Any CPU.ActiveCfg = Debug|Any CPU
		{4E0965A5-BEAD-454F-92D9-B14EBB604606}.Debug|Any CPU.Build.0 = Debug|Any CPU
		{4E0965A5-BEAD-454F-92D9-B14EBB604606}.Release|Any CPU.ActiveCfg = Release|Any CPU
		{4E0965A5-BEAD-454F-92D9-B14EBB604606}.Release|Any CPU.Build.0 = Release|Any CPU
	EndGlobalSection
	GlobalSection(SolutionProperties) = preSolution
		HideSolutionNode = FALSE
	EndGlobalSection
	GlobalSection(ExtensibilityGlobals) = postSolution
		SolutionGuid = {E5CF7806-3F91-40F1-A7C6-C731698775A9}
	EndGlobalSection
EndGlobal
